<?xml version="1.0" encoding="utf-8"?>
<Project ToolsVersion="4.0" xmlns="http://schemas.microsoft.com/developer/msbuild/2003">
  <ItemGroup>
    <Filter Include="Source Files">
      <UniqueIdentifier>{d187747e-e1c4-4680-96a8-6fbeb5c5f64b}</UniqueIdentifier>
      <Extensions>cpp;c;cxx;rc;def;r;odl;idl;hpj;bat</Extensions>
    </Filter>
    <Filter Include="Header Files">
      <UniqueIdentifier>{1fa45335-80c2-4ddc-9ccd-9da82cd9b1db}</UniqueIdentifier>
      <Extensions>h;hpp;hxx;hm;inl</Extensions>
    </Filter>
    <Filter Include="MotionCodeLibrary">
      <UniqueIdentifier>{8ba307a4-1ab3-4bcb-8860-e1b82bd3f9d0}</UniqueIdentifier>
    </Filter>
  </ItemGroup>
  <ItemGroup>
    <ClCompile Include="References_Main.cxx">
      <Filter>Source Files</Filter>
    </ClCompile>
    <ClCompile Include="References_manager.cxx">
      <Filter>Source Files</Filter>
    </ClCompile>
    <ClCompile Include="References_exchange.cpp">
      <Filter>Source Files</Filter>
    </ClCompile>
    <ClCompile Include="References_DescHolder.cxx">
      <Filter>Source Files</Filter>
    </ClCompile>
    <ClCompile Include="References_applymanagerrule.cxx">
      <Filter>Source Files</Filter>
    </ClCompile>
    <ClCompile Include="References_Common.cpp">
      <Filter>Source Files</Filter>
    </ClCompile>
    <ClCompile Include="..\..\MotionCodeLibrary\tinystr.cpp">
      <Filter>MotionCodeLibrary</Filter>
    </ClCompile>
    <ClCompile Include="..\..\MotionCodeLibrary\tinyxml.cpp">
      <Filter>MotionCodeLibrary</Filter>
    </ClCompile>
    <ClCompile Include="..\..\MotionCodeLibrary\tinyxmlerror.cpp">
      <Filter>MotionCodeLibrary</Filter>
    </ClCompile>
    <ClCompile Include="..\..\MotionCodeLibrary\tinyxmlparser.cpp">
      <Filter>MotionCodeLibrary</Filter>
    </ClCompile>
  </ItemGroup>
  <ItemGroup>
    <ClInclude Include="References_manager.h">
      <Filter>Header Files</Filter>
    </ClInclude>
    <ClInclude Include="References_Exchange.h">
      <Filter>Header Files</Filter>
    </ClInclude>
    <ClInclude Include="References_DescHolder.h">
      <Filter>Header Files</Filter>
    </ClInclude>
    <ClInclude Include="References_applymanagerrule.h">
      <Filter>Header Files</Filter>
    </ClInclude>
    <ClInclude Include="References_Common.h">
      <Filter>Header Files</Filter>
    </ClInclude>
    <ClInclude Include="..\..\MotionCodeLibrary\tinystr.h">
      <Filter>MotionCodeLibrary</Filter>
    </ClInclude>
    <ClInclude Include="..\..\MotionCodeLibrary\tinyxml.h">
      <Filter>MotionCodeLibrary</Filter>
    </ClInclude>
  </ItemGroup>
  <ItemGroup>
    <Text Include="ReadMe.txt" />
  </ItemGroup>
</Project>