
Microsoft Visual Studio Solution File, Format Version 11.00
# Visual Studio 2010
Project("{8BC9CEB8-8B4A-11D0-8D11-00A0C91BC942}") = "tool_viewDistored", "ortoolview3d.vcxproj", "{915633C2-9C23-4130-8D20-4DBC17B0F975}"
EndProject
Global
	GlobalSection(SolutionConfigurationPlatforms) = preSolution
		Debug 2015|x64 = Debug 2015|x64
		Debug|x64 = Debug|x64
		Release 2015|x64 = Release 2015|x64
		Release|x64 = Release|x64
	EndGlobalSection
	GlobalSection(ProjectConfigurationPlatforms) = postSolution
		{915633C2-9C23-4130-8D20-4DBC17B0F975}.Debug 2015|x64.ActiveCfg = Debug 2015|x64
		{915633C2-9C23-4130-8D20-4DBC17B0F975}.Debug 2015|x64.Build.0 = Debug 2015|x64
		{915633C2-9C23-4130-8D20-4DBC17B0F975}.Debug|x64.ActiveCfg = Debug|x64
		{915633C2-9C23-4130-8D20-4DBC17B0F975}.Debug|x64.Build.0 = Debug|x64
		{915633C2-9C23-4130-8D20-4DBC17B0F975}.Release 2015|x64.ActiveCfg = Release 2015|x64
		{915633C2-9C23-4130-8D20-4DBC17B0F975}.Release 2015|x64.Build.0 = Release 2015|x64
		{915633C2-9C23-4130-8D20-4DBC17B0F975}.Release|x64.ActiveCfg = Release|x64
		{915633C2-9C23-4130-8D20-4DBC17B0F975}.Release|x64.Build.0 = Release|x64
	EndGlobalSection
	GlobalSection(SolutionProperties) = preSolution
		HideSolutionNode = FALSE
	EndGlobalSection
EndGlobal
