<?xml version="1.0" encoding="utf-8"?>
<Project ToolsVersion="4.0" xmlns="http://schemas.microsoft.com/developer/msbuild/2003">
  <ItemGroup>
    <Filter Include="Source Files">
      <UniqueIdentifier>{0321dd18-f375-4503-9fcd-f2d7b07f9530}</UniqueIdentifier>
      <Extensions>cpp;c;cxx;rc;def;r;odl;idl;hpj;bat</Extensions>
    </Filter>
    <Filter Include="Header Files">
      <UniqueIdentifier>{bae28a0d-7ece-45e4-b41d-f04f960a2dbc}</UniqueIdentifier>
      <Extensions>h;hpp;hxx;hm;inl</Extensions>
    </Filter>
    <Filter Include="Source Files\MCL">
      <UniqueIdentifier>{cbc829a8-16fe-4e85-8aff-4871968623f9}</UniqueIdentifier>
    </Filter>
    <Filter Include="Header Files\MCL">
      <UniqueIdentifier>{55471a5f-a1dc-44d9-ab77-d7ab36cafef9}</UniqueIdentifier>
    </Filter>
  </ItemGroup>
  <ItemGroup>
    <ClCompile Include="HandsImage.cpp">
      <Filter>Source Files</Filter>
    </ClCompile>
    <ClCompile Include="handTool.cxx">
      <Filter>Source Files</Filter>
    </ClCompile>
    <ClCompile Include="toolMain.cxx">
      <Filter>Source Files</Filter>
    </ClCompile>
    <ClCompile Include="handWeight_box.cxx">
      <Filter>Source Files</Filter>
    </ClCompile>
    <ClCompile Include="..\..\MotionCodeLibrary\StringUtils.cpp">
      <Filter>Source Files\MCL</Filter>
    </ClCompile>
  </ItemGroup>
  <ItemGroup>
    <ClInclude Include="HandsImage.h">
      <Filter>Header Files</Filter>
    </ClInclude>
    <ClInclude Include="handTool.h">
      <Filter>Header Files</Filter>
    </ClInclude>
    <ClInclude Include="log.h">
      <Filter>Header Files</Filter>
    </ClInclude>
    <ClInclude Include="handWeight_box.h">
      <Filter>Header Files</Filter>
    </ClInclude>
    <ClInclude Include="..\..\MotionCodeLibrary\StringUtils.h">
      <Filter>Header Files\MCL</Filter>
    </ClInclude>
  </ItemGroup>
  <ItemGroup>
    <None Include="ReadMe.txt" />
  </ItemGroup>
</Project>