<?xml version="1.0" encoding="utf-8"?>
<Project ToolsVersion="4.0" xmlns="http://schemas.microsoft.com/developer/msbuild/2003">
  <ItemGroup>
    <Filter Include="Source Files">
      <UniqueIdentifier>{eb38b5e1-fb9f-49fc-bc8d-1e3b700cbfa9}</UniqueIdentifier>
      <Extensions>cpp;c;cxx;rc;def;r;odl;idl;hpj;bat</Extensions>
    </Filter>
    <Filter Include="Header Files">
      <UniqueIdentifier>{a1883f4d-6373-4bf9-a805-b2830e2b5098}</UniqueIdentifier>
      <Extensions>h;hpp;hxx;hm;inl</Extensions>
    </Filter>
  </ItemGroup>
  <ItemGroup>
    <ClCompile Include="QtWindowProc.cpp">
      <Filter>Source Files</Filter>
    </ClCompile>
    <ClCompile Include="utils.cpp">
      <Filter>Source Files</Filter>
    </ClCompile>
    <ClCompile Include="tool_viewTwoPanes.cxx">
      <Filter>Source Files</Filter>
    </ClCompile>
    <ClCompile Include="tool_viewTwoPanes_tool.cxx">
      <Filter>Source Files</Filter>
    </ClCompile>
    <ClCompile Include="tool_viewTwoPanes_view.cxx">
      <Filter>Source Files</Filter>
    </ClCompile>
  </ItemGroup>
  <ItemGroup>
    <ClInclude Include="resource.h">
      <Filter>Header Files</Filter>
    </ClInclude>
    <ClInclude Include="utils.h">
      <Filter>Header Files</Filter>
    </ClInclude>
    <ClInclude Include="tool_viewTwoPanes_tool.h">
      <Filter>Header Files</Filter>
    </ClInclude>
    <ClInclude Include="tool_viewTwoPanes_view.h">
      <Filter>Header Files</Filter>
    </ClInclude>
  </ItemGroup>
  <ItemGroup>
    <ResourceCompile Include="tool_viewTwoPanes.rc">
      <Filter>Source Files</Filter>
    </ResourceCompile>
  </ItemGroup>
  <ItemGroup>
    <None Include="LICENSE.txt" />
    <None Include="README.txt" />
  </ItemGroup>
</Project>