<?xml version="1.0" encoding="utf-8"?>
<Project ToolsVersion="4.0" xmlns="http://schemas.microsoft.com/developer/msbuild/2003">
  <ItemGroup>
    <Filter Include="Source Files">
      <UniqueIdentifier>{8113dbe3-7456-4df0-8cb1-b151ddd779a5}</UniqueIdentifier>
      <Extensions>cpp;c;cxx;rc;def;r;odl;idl;hpj;bat</Extensions>
    </Filter>
    <Filter Include="Header Files">
      <UniqueIdentifier>{525b5228-18a3-4b94-a249-2e8f4fbbb742}</UniqueIdentifier>
      <Extensions>h;hpp;hxx;hm;inl</Extensions>
    </Filter>
    <Filter Include="Header Files\WinTablet">
      <UniqueIdentifier>{75ba8293-ddea-4d50-b20e-ff2f117f6334}</UniqueIdentifier>
    </Filter>
    <Filter Include="Source Files\WinTablet">
      <UniqueIdentifier>{6c5949fe-d3ca-4f8c-8fae-a5c89818fc54}</UniqueIdentifier>
    </Filter>
  </ItemGroup>
  <ItemGroup>
    <ClCompile Include="BlendShapeToolkit_tool.cxx">
      <Filter>Source Files</Filter>
    </ClCompile>
    <ClCompile Include="BlendShapeToolkit_applymanagerrule.cxx">
      <Filter>Source Files</Filter>
    </ClCompile>
    <ClCompile Include="BlendShapeToolkit_manip.cxx">
      <Filter>Source Files</Filter>
    </ClCompile>
    <ClCompile Include="BlendShapeToolkit_brushes.cxx">
      <Filter>Source Files</Filter>
    </ClCompile>
    <ClCompile Include="BlendShapeToolkit_manip_layout.cxx">
      <Filter>Source Files</Filter>
    </ClCompile>
    <ClCompile Include="BlendShapeToolkit_Helper.cxx">
      <Filter>Source Files</Filter>
    </ClCompile>
    <ClCompile Include="BlendShapeToolkit_brushesBase.cxx">
      <Filter>Source Files</Filter>
    </ClCompile>
    <ClCompile Include="BlendShapeToolkit_deformer_constraint.cxx">
      <Filter>Source Files</Filter>
    </ClCompile>
    <ClCompile Include="BlendShapeToolkit_deformer_layout.cxx">
      <Filter>Source Files</Filter>
    </ClCompile>
    <ClCompile Include="IterativeFit.cpp">
      <Filter>Source Files</Filter>
    </ClCompile>
    <ClCompile Include="MAIN.cpp">
      <Filter>Source Files</Filter>
    </ClCompile>
    <ClCompile Include="BlendShapeToolkit_interface.cpp">
      <Filter>Source Files</Filter>
    </ClCompile>
    <ClCompile Include="BlendShapeToolkit_deformer_manager.cpp">
      <Filter>Source Files</Filter>
    </ClCompile>
    <ClCompile Include="Utils.cpp">
      <Filter>Source Files\WinTablet</Filter>
    </ClCompile>
    <ClCompile Include="stylus.cpp">
      <Filter>Source Files</Filter>
    </ClCompile>
  </ItemGroup>
  <ItemGroup>
    <ClInclude Include="BlendShapeToolkit_tool.h">
      <Filter>Header Files</Filter>
    </ClInclude>
    <ClInclude Include="BlendShapeToolkit_applymanagerrule.h">
      <Filter>Header Files</Filter>
    </ClInclude>
    <ClInclude Include="BlendShapeToolkit_manip.h">
      <Filter>Header Files</Filter>
    </ClInclude>
    <ClInclude Include="BlendShapeToolkit_brushes.h">
      <Filter>Header Files</Filter>
    </ClInclude>
    <ClInclude Include="BlendShapeToolkit_manip_layout.h">
      <Filter>Header Files</Filter>
    </ClInclude>
    <ClInclude Include="BlendShapeToolkit_Helper.h">
      <Filter>Header Files</Filter>
    </ClInclude>
    <ClInclude Include="BlendShapeToolkit_brushesBase.h">
      <Filter>Header Files</Filter>
    </ClInclude>
    <ClInclude Include="resource.h">
      <Filter>Header Files</Filter>
    </ClInclude>
    <ClInclude Include="BlendShapeToolkit_deformer_constraint.h">
      <Filter>Header Files</Filter>
    </ClInclude>
    <ClInclude Include="BlendShapeToolkit_deformer_layout.h">
      <Filter>Header Files</Filter>
    </ClInclude>
    <ClInclude Include="IterativeFit.h">
      <Filter>Header Files</Filter>
    </ClInclude>
    <ClInclude Include="BlendShapeToolkit_interface.h">
      <Filter>Header Files</Filter>
    </ClInclude>
    <ClInclude Include="BlendShapeToolkit_deformer_manager.h">
      <Filter>Header Files</Filter>
    </ClInclude>
    <ClInclude Include="MSGPACK.H">
      <Filter>Header Files\WinTablet</Filter>
    </ClInclude>
    <ClInclude Include="PKTDEF.H">
      <Filter>Header Files\WinTablet</Filter>
    </ClInclude>
    <ClInclude Include="WINTAB.H">
      <Filter>Header Files\WinTablet</Filter>
    </ClInclude>
    <ClInclude Include="Utils.h">
      <Filter>Header Files\WinTablet</Filter>
    </ClInclude>
    <ClInclude Include="stylus.h">
      <Filter>Header Files</Filter>
    </ClInclude>
  </ItemGroup>
  <ItemGroup>
    <None Include="BlendShapeTookit_LOG.txt" />
  </ItemGroup>
  <ItemGroup>
    <ResourceCompile Include="Resource.rc">
      <Filter>Source Files</Filter>
    </ResourceCompile>
  </ItemGroup>
</Project>