<?xml version="1.0" encoding="utf-8"?>
<Project ToolsVersion="4.0" xmlns="http://schemas.microsoft.com/developer/msbuild/2003">
  <ItemGroup>
    <Filter Include="Source Files">
      <UniqueIdentifier>{87e36afa-b34c-4ad8-a25c-c33700c4e95a}</UniqueIdentifier>
      <Extensions>cpp;c;cxx;rc;def;r;odl;idl;hpj;bat</Extensions>
    </Filter>
    <Filter Include="Header Files">
      <UniqueIdentifier>{3d5a5123-fc00-4e25-989d-7b1c8a089530}</UniqueIdentifier>
      <Extensions>h;hpp;hxx;hm;inl</Extensions>
    </Filter>
    <Filter Include="NetworkShared">
      <UniqueIdentifier>{c255175c-762a-4b93-9753-df7dfddd5128}</UniqueIdentifier>
    </Filter>
    <Filter Include="Streaming">
      <UniqueIdentifier>{040aae5e-7fdc-44f9-9725-19c760331386}</UniqueIdentifier>
    </Filter>
  </ItemGroup>
  <ItemGroup>
    <ClCompile Include="device_projectTango.cxx">
      <Filter>Source Files</Filter>
    </ClCompile>
    <ClCompile Include="device_projectTango_device.cxx">
      <Filter>Source Files</Filter>
    </ClCompile>
    <ClCompile Include="device_projectTango_hardware.cxx">
      <Filter>Source Files</Filter>
    </ClCompile>
    <ClCompile Include="device_projectTango_layout.cxx">
      <Filter>Source Files</Filter>
    </ClCompile>
    <ClCompile Include="..\..\..\..\..\..\..\Users\AN35\Documents\GitHub\tango-examples-c\cpp_motion_tracking_example\app\src\main\jni\NetworkTango.cpp">
      <Filter>NetworkShared</Filter>
    </ClCompile>
    <ClCompile Include="..\..\..\..\..\..\..\Users\AN35\Documents\GitHub\tango-examples-c\cpp_motion_tracking_example\app\src\main\jni\NetworkUtils.cc">
      <Filter>NetworkShared</Filter>
    </ClCompile>
    <ClCompile Include="encoder.c">
      <Filter>Streaming</Filter>
    </ClCompile>
    <ClCompile Include="MemPool.cpp">
      <Filter>Source Files</Filter>
    </ClCompile>
    <ClCompile Include="DataExchange.cpp">
      <Filter>Source Files</Filter>
    </ClCompile>
  </ItemGroup>
  <ItemGroup>
    <ClInclude Include="D:\Tango\include\tango_client_api.h">
      <Filter>Header Files</Filter>
    </ClInclude>
    <ClInclude Include="device_projectTango_device.h">
      <Filter>Header Files</Filter>
    </ClInclude>
    <ClInclude Include="device_projectTango_hardware.h">
      <Filter>Header Files</Filter>
    </ClInclude>
    <ClInclude Include="device_projectTango_layout.h">
      <Filter>Header Files</Filter>
    </ClInclude>
    <ClInclude Include="..\..\..\..\..\..\..\Users\AN35\Documents\GitHub\tango-examples-c\cpp_motion_tracking_example\app\src\main\jni\NetworkTango.h">
      <Filter>NetworkShared</Filter>
    </ClInclude>
    <ClInclude Include="..\..\..\..\..\..\..\Users\AN35\Documents\GitHub\tango-examples-c\cpp_motion_tracking_example\app\src\main\jni\NetworkUtils.h">
      <Filter>NetworkShared</Filter>
    </ClInclude>
    <ClInclude Include="encoder.h">
      <Filter>Streaming</Filter>
    </ClInclude>
    <ClInclude Include="MemPool.h">
      <Filter>Header Files</Filter>
    </ClInclude>
    <ClInclude Include="DataExchange.h">
      <Filter>Header Files</Filter>
    </ClInclude>
  </ItemGroup>
  <ItemGroup>
    <Text Include="ReadMe.txt" />
  </ItemGroup>
</Project>