<?xml version="1.0" encoding="utf-8"?>
<Project ToolsVersion="4.0" xmlns="http://schemas.microsoft.com/developer/msbuild/2003">
  <ItemGroup>
    <Filter Include="Source Files">
      <UniqueIdentifier>{19de87e0-47e2-48c2-b9af-fe5120b18e7c}</UniqueIdentifier>
      <Extensions>cpp;c;cxx;rc;def;r;odl;idl;hpj;bat</Extensions>
    </Filter>
    <Filter Include="Header Files">
      <UniqueIdentifier>{d647d9ba-3e41-49e7-b632-d49605fa7dfb}</UniqueIdentifier>
      <Extensions>h;hpp;hxx;hm;inl</Extensions>
    </Filter>
  </ItemGroup>
  <ItemGroup>
    <ClCompile Include="volume_calculator.cxx">
      <Filter>Source Files</Filter>
    </ClCompile>
    <ClCompile Include="volume_calculator_model_display.cxx">
      <Filter>Source Files</Filter>
    </ClCompile>
  </ItemGroup>
  <ItemGroup>
    <ClInclude Include="volume_calculator_model_display.h">
      <Filter>Header Files</Filter>
    </ClInclude>
  </ItemGroup>
</Project>