<?xml version="1.0" encoding="utf-8"?>
<Project ToolsVersion="4.0" xmlns="http://schemas.microsoft.com/developer/msbuild/2003">
  <ItemGroup>
    <Filter Include="Source Files">
      <UniqueIdentifier>{eb38b5e1-fb9f-49fc-bc8d-1e3b700cbfa9}</UniqueIdentifier>
      <Extensions>cpp;c;cxx;rc;def;r;odl;idl;hpj;bat</Extensions>
    </Filter>
    <Filter Include="Header Files">
      <UniqueIdentifier>{a1883f4d-6373-4bf9-a805-b2830e2b5098}</UniqueIdentifier>
      <Extensions>h;hpp;hxx;hm;inl</Extensions>
    </Filter>
    <Filter Include="GLSL">
      <UniqueIdentifier>{4122b16d-47f6-4caf-9518-32985829012f}</UniqueIdentifier>
    </Filter>
    <Filter Include="MotionCodeLibrary">
      <UniqueIdentifier>{f783ee3e-66a6-4c10-a2b2-41803f194828}</UniqueIdentifier>
    </Filter>
  </ItemGroup>
  <ItemGroup>
    <ClCompile Include="QtWindowProc.cpp">
      <Filter>Source Files</Filter>
    </ClCompile>
    <ClCompile Include="utils.cpp">
      <Filter>Source Files</Filter>
    </ClCompile>
    <ClCompile Include="tool_viewBarrelDistortion.cxx">
      <Filter>Source Files</Filter>
    </ClCompile>
    <ClCompile Include="tool_viewBarrelDistortion_tool.cxx">
      <Filter>Source Files</Filter>
    </ClCompile>
    <ClCompile Include="tool_viewBarrelDistortion_view.cxx">
      <Filter>Source Files</Filter>
    </ClCompile>
    <ClCompile Include="..\..\MotionCodeLibrary\FileUtils.cpp">
      <Filter>MotionCodeLibrary</Filter>
    </ClCompile>
    <ClCompile Include="..\..\MotionCodeLibrary\Framebuffer.cpp">
      <Filter>MotionCodeLibrary</Filter>
    </ClCompile>
    <ClCompile Include="..\..\MotionCodeLibrary\glslShader.cpp">
      <Filter>MotionCodeLibrary</Filter>
    </ClCompile>
  </ItemGroup>
  <ItemGroup>
    <ClInclude Include="resource.h">
      <Filter>Header Files</Filter>
    </ClInclude>
    <ClInclude Include="utils.h">
      <Filter>Header Files</Filter>
    </ClInclude>
    <ClInclude Include="tool_viewBarrelDistortion_tool.h">
      <Filter>Header Files</Filter>
    </ClInclude>
    <ClInclude Include="tool_viewBarrelDistortion_view.h">
      <Filter>Header Files</Filter>
    </ClInclude>
    <ClInclude Include="..\..\MotionCodeLibrary\FileUtils.h">
      <Filter>MotionCodeLibrary</Filter>
    </ClInclude>
    <ClInclude Include="..\..\MotionCodeLibrary\Framebuffer.h">
      <Filter>MotionCodeLibrary</Filter>
    </ClInclude>
    <ClInclude Include="..\..\MotionCodeLibrary\glslShader.h">
      <Filter>MotionCodeLibrary</Filter>
    </ClInclude>
  </ItemGroup>
  <ItemGroup>
    <None Include="LICENSE.txt" />
    <None Include="README.md" />
    <None Include="GLSL\barrelDistortion.frag">
      <Filter>GLSL</Filter>
    </None>
    <None Include="GLSL\barrelDistortion.vert">
      <Filter>GLSL</Filter>
    </None>
  </ItemGroup>
  <ItemGroup>
    <ResourceCompile Include="tool_viewBarrelDistortion.rc">
      <Filter>Source Files</Filter>
    </ResourceCompile>
  </ItemGroup>
</Project>