<?xml version="1.0" encoding="utf-8"?>
<Project ToolsVersion="4.0" xmlns="http://schemas.microsoft.com/developer/msbuild/2003">
  <ItemGroup>
    <Filter Include="Source Files">
      <UniqueIdentifier>{a7a655a8-bec8-46be-99cb-af93827378d9}</UniqueIdentifier>
      <Extensions>cpp;c;cxx;rc;def;r;odl;idl;hpj;bat</Extensions>
    </Filter>
    <Filter Include="Header Files">
      <UniqueIdentifier>{8f0ac47f-c39e-4a2b-b601-8a2d16602637}</UniqueIdentifier>
      <Extensions>h;hpp;hxx;hm;inl</Extensions>
    </Filter>
    <Filter Include="MotionCodeLibrary">
      <UniqueIdentifier>{4ca1d110-823b-4fad-a9a9-ad17a042608b}</UniqueIdentifier>
    </Filter>
    <Filter Include="GLSL_CS">
      <UniqueIdentifier>{701c3321-aab6-4cb9-9022-29c4627694d9}</UniqueIdentifier>
    </Filter>
  </ItemGroup>
  <ItemGroup>
    <ClCompile Include="..\..\MotionCodeLibrary\glslComputeShader.cpp">
      <Filter>MotionCodeLibrary</Filter>
    </ClCompile>
    <ClCompile Include="nv_math.cpp">
      <Filter>MotionCodeLibrary</Filter>
    </ClCompile>
    <ClCompile Include="..\..\MotionCodeLibrary\FileUtils.cpp">
      <Filter>MotionCodeLibrary</Filter>
    </ClCompile>
    <ClCompile Include="solver_normals.cxx">
      <Filter>Source Files</Filter>
    </ClCompile>
    <ClCompile Include="solver_normals_solver.cpp">
      <Filter>Source Files</Filter>
    </ClCompile>
    <ClCompile Include="..\..\MotionCodeLibrary\ResourceUtils.cpp">
      <Filter>MotionCodeLibrary</Filter>
    </ClCompile>
  </ItemGroup>
  <ItemGroup>
    <ClInclude Include="..\..\MotionCodeLibrary\glslComputeShader.h">
      <Filter>MotionCodeLibrary</Filter>
    </ClInclude>
    <ClInclude Include="nv_algebra.h">
      <Filter>MotionCodeLibrary</Filter>
    </ClInclude>
    <ClInclude Include="nv_math.h">
      <Filter>MotionCodeLibrary</Filter>
    </ClInclude>
    <ClInclude Include="nv_mathdecl.h">
      <Filter>MotionCodeLibrary</Filter>
    </ClInclude>
    <ClInclude Include="..\..\MotionCodeLibrary\FileUtils.h">
      <Filter>MotionCodeLibrary</Filter>
    </ClInclude>
    <ClInclude Include="solver_normals_solver.h">
      <Filter>Header Files</Filter>
    </ClInclude>
    <ClInclude Include="resource.h">
      <Filter>Header Files</Filter>
    </ClInclude>
    <ClInclude Include="..\..\MotionCodeLibrary\ResourceUtils.h">
      <Filter>MotionCodeLibrary</Filter>
    </ClInclude>
  </ItemGroup>
  <ItemGroup>
    <ResourceCompile Include="solver_calculateNormals.rc">
      <Filter>Source Files</Filter>
    </ResourceCompile>
  </ItemGroup>
  <ItemGroup>
    <None Include="GLSL_CS\recomputeNormals.cs">
      <Filter>GLSL_CS</Filter>
    </None>
    <None Include="GLSL_CS\recomputeNormalsNorm.cs">
      <Filter>GLSL_CS</Filter>
    </None>
    <None Include="GLSL_CS\recomputeNormalsZero.cs">
      <Filter>GLSL_CS</Filter>
    </None>
  </ItemGroup>
</Project>