<?xml version="1.0" encoding="utf-8"?>
<Project ToolsVersion="4.0" xmlns="http://schemas.microsoft.com/developer/msbuild/2003">
  <ItemGroup>
    <ClInclude Include="mbextension.h" />
    <ClInclude Include="..\..\MotionCodeLibrary\tinystr.h" />
    <ClInclude Include="..\..\MotionCodeLibrary\tinyxml.h" />
  </ItemGroup>
  <ItemGroup>
    <Filter Include="Exchange">
      <UniqueIdentifier>{6b08d184-ede6-4840-8411-0af75b5040d0}</UniqueIdentifier>
    </Filter>
    <Filter Include="MotionCodeLibrary">
      <UniqueIdentifier>{771e1e28-8858-4578-be3a-b76d9d9b27df}</UniqueIdentifier>
    </Filter>
  </ItemGroup>
  <ItemGroup>
    <ClCompile Include="mbreferencesplugin.cxx" />
    <ClCompile Include="..\..\MotionCodeLibrary\tinystr.cpp" />
    <ClCompile Include="..\..\MotionCodeLibrary\tinyxml.cpp" />
    <ClCompile Include="..\..\MotionCodeLibrary\tinyxmlerror.cpp" />
    <ClCompile Include="..\..\MotionCodeLibrary\tinyxmlparser.cpp" />
  </ItemGroup>
</Project>