<?xml version="1.0" encoding="utf-8"?>
<Project ToolsVersion="4.0" xmlns="http://schemas.microsoft.com/developer/msbuild/2003">
  <ItemGroup>
    <Filter Include="Shader Files">
      <UniqueIdentifier>{6cc9fc66-2c98-423a-8583-f796bc1a1270}</UniqueIdentifier>
    </Filter>
    <Filter Include="Dynamic Lighting Src">
      <UniqueIdentifier>{ac245bfe-b776-4716-acd0-b3e6a8157685}</UniqueIdentifier>
    </Filter>
    <Filter Include="MotionCodeLibrary">
      <UniqueIdentifier>{dd1f0a83-29fb-4eb3-a4a1-1af97e882ccc}</UniqueIdentifier>
    </Filter>
  </ItemGroup>
  <ItemGroup>
    <ClCompile Include="SuperDynamicLighting.cxx">
      <Filter>Dynamic Lighting Src</Filter>
    </ClCompile>
    <ClCompile Include="SuperDynamicLighting_layout.cxx">
      <Filter>Dynamic Lighting Src</Filter>
    </ClCompile>
    <ClCompile Include="SuperDynamicLighting_shader.cxx">
      <Filter>Dynamic Lighting Src</Filter>
    </ClCompile>
    <ClCompile Include="SuperShader.cpp">
      <Filter>Dynamic Lighting Src</Filter>
    </ClCompile>
    <ClCompile Include="SuperShader_lights.cpp">
      <Filter>Dynamic Lighting Src</Filter>
    </ClCompile>
    <ClCompile Include="SuperShaderModelInfo.cpp">
      <Filter>Dynamic Lighting Src</Filter>
    </ClCompile>
    <ClCompile Include="..\..\MotionCodeLibrary\Assert2.cpp">
      <Filter>MotionCodeLibrary</Filter>
    </ClCompile>
    <ClCompile Include="..\..\MotionCodeLibrary\CheckGLError.cpp">
      <Filter>MotionCodeLibrary</Filter>
    </ClCompile>
    <ClCompile Include="..\..\MotionCodeLibrary\fpTexture.cpp">
      <Filter>MotionCodeLibrary</Filter>
    </ClCompile>
    <ClCompile Include="..\..\MotionCodeLibrary\Framebuffer.cpp">
      <Filter>MotionCodeLibrary</Filter>
    </ClCompile>
    <ClCompile Include="..\..\MotionCodeLibrary\glslShader.cpp">
      <Filter>MotionCodeLibrary</Filter>
    </ClCompile>
    <ClCompile Include="..\..\MotionCodeLibrary\nv_math.cpp">
      <Filter>MotionCodeLibrary</Filter>
    </ClCompile>
    <ClCompile Include="..\..\MotionCodeLibrary\OGL_Utils.cpp">
      <Filter>MotionCodeLibrary</Filter>
    </ClCompile>
  </ItemGroup>
  <ItemGroup>
    <ClInclude Include="SuperDynamicLighting_layout.h">
      <Filter>Dynamic Lighting Src</Filter>
    </ClInclude>
    <ClInclude Include="SuperDynamicLighting_shader.h">
      <Filter>Dynamic Lighting Src</Filter>
    </ClInclude>
    <ClInclude Include="SuperShader.h">
      <Filter>Dynamic Lighting Src</Filter>
    </ClInclude>
    <ClInclude Include="SuperShader_glsl.h">
      <Filter>Dynamic Lighting Src</Filter>
    </ClInclude>
    <ClInclude Include="SuperShaderModelInfo.h">
      <Filter>Dynamic Lighting Src</Filter>
    </ClInclude>
    <ClInclude Include="..\..\MotionCodeLibrary\Assert2.h">
      <Filter>MotionCodeLibrary</Filter>
    </ClInclude>
    <ClInclude Include="..\..\MotionCodeLibrary\CheckGLError.h">
      <Filter>MotionCodeLibrary</Filter>
    </ClInclude>
    <ClInclude Include="..\..\MotionCodeLibrary\fpTexture.h">
      <Filter>MotionCodeLibrary</Filter>
    </ClInclude>
    <ClInclude Include="..\..\MotionCodeLibrary\Framebuffer.h">
      <Filter>MotionCodeLibrary</Filter>
    </ClInclude>
    <ClInclude Include="..\..\MotionCodeLibrary\glslShader.h">
      <Filter>MotionCodeLibrary</Filter>
    </ClInclude>
    <ClInclude Include="..\..\MotionCodeLibrary\nv_algebra.h">
      <Filter>MotionCodeLibrary</Filter>
    </ClInclude>
    <ClInclude Include="..\..\MotionCodeLibrary\nv_math.h">
      <Filter>MotionCodeLibrary</Filter>
    </ClInclude>
    <ClInclude Include="..\..\MotionCodeLibrary\nv_mathdecl.h">
      <Filter>MotionCodeLibrary</Filter>
    </ClInclude>
    <ClInclude Include="..\..\MotionCodeLibrary\OGL_Utils.h">
      <Filter>MotionCodeLibrary</Filter>
    </ClInclude>
  </ItemGroup>
  <ItemGroup>
    <Text Include="ReadMe.txt" />
  </ItemGroup>
  <ItemGroup>
    <None Include="GLSL\scene_bufferId.fsh">
      <Filter>Shader Files</Filter>
    </None>
    <None Include="GLSL\scene_bufferId.vsh">
      <Filter>Shader Files</Filter>
    </None>
    <None Include="GLSL\scene_shading.fsh">
      <Filter>Shader Files</Filter>
    </None>
    <None Include="GLSL\scene_shading.vsh">
      <Filter>Shader Files</Filter>
    </None>
  </ItemGroup>
</Project>