<?xml version="1.0" encoding="utf-8"?>
<Project ToolsVersion="4.0" xmlns="http://schemas.microsoft.com/developer/msbuild/2003">
  <ItemGroup>
    <Filter Include="Source Files">
      <UniqueIdentifier>{23f27a40-fcaf-4d7e-bf44-15d7c15070a2}</UniqueIdentifier>
      <Extensions>cpp;c;cxx;rc;def;r;odl;idl;hpj;bat</Extensions>
    </Filter>
    <Filter Include="Header Files">
      <UniqueIdentifier>{20f04ac3-86a2-46ab-8025-37d4241f17e0}</UniqueIdentifier>
      <Extensions>h;hpp;hxx;hm;inl</Extensions>
    </Filter>
    <Filter Include="MotionCodeLibrary">
      <UniqueIdentifier>{5cdef704-6e5d-40cb-b4fe-bfadb7e4fbad}</UniqueIdentifier>
    </Filter>
  </ItemGroup>
  <ItemGroup>
    <ClCompile Include="BoxRBF.cxx">
      <Filter>Source Files</Filter>
    </ClCompile>
    <ClCompile Include="Main.cxx">
      <Filter>Source Files</Filter>
    </ClCompile>
    <ClCompile Include="BoxQuaternion.cxx">
      <Filter>Source Files</Filter>
    </ClCompile>
    <ClCompile Include="..\..\MotionCodeLibrary\math3d.cpp">
      <Filter>MotionCodeLibrary</Filter>
    </ClCompile>
    <ClCompile Include="..\..\MotionCodeLibrary\nv_math.cpp">
      <Filter>MotionCodeLibrary</Filter>
    </ClCompile>
  </ItemGroup>
  <ItemGroup>
    <ClInclude Include="BoxRBF.h">
      <Filter>Header Files</Filter>
    </ClInclude>
    <ClInclude Include="BoxQuaternion.h">
      <Filter>Header Files</Filter>
    </ClInclude>
    <ClInclude Include="..\..\MotionCodeLibrary\math3d.h">
      <Filter>MotionCodeLibrary</Filter>
    </ClInclude>
    <ClInclude Include="..\..\MotionCodeLibrary\nv_math.h">
      <Filter>MotionCodeLibrary</Filter>
    </ClInclude>
    <ClInclude Include="..\..\MotionCodeLibrary\nv_mathdecl.h">
      <Filter>MotionCodeLibrary</Filter>
    </ClInclude>
  </ItemGroup>
</Project>