Microsoft Visual Studio Solution File, Format Version 11.00
# Visual Studio 2010
Project("{8BC9CEB8-8B4A-11D0-8D11-00A0C91BC942}") = "box_spring", "box_Spring\boxSpring.vcxproj", "{ADFDDC4F-2C44-476D-AC7E-8ABAED9ABE5D}"
EndProject
Project("{8BC9CEB8-8B4A-11D0-8D11-00A0C91BC942}") = "box_poseReader", "box_poseReader\box_poseReader.vcxproj", "{B410F911-002C-426B-AE49-F6DA743626FC}"
EndProject
Project("{8BC9CEB8-8B4A-11D0-8D11-00A0C91BC942}") = "box_rayIntersect", "box_RayIntersect\box_rayIntersect.vcxproj", "{25B472F5-0BAD-44DE-8637-EB04FEB51C66}"
EndProject
Project("{8BC9CEB8-8B4A-11D0-8D11-00A0C91BC942}") = "filterextrapolate", "filter_extrapolate\filterextrapolate.vcxproj", "{A2EEE76C-BDE3-4E46-90A3-5F14EC17A451}"
EndProject
Project("{8BC9CEB8-8B4A-11D0-8D11-00A0C91BC942}") = "autosave", "manager_AutoSave\autosave.vcxproj", "{E1533D43-1CBC-4940-9441-052EA1A63547}"
EndProject
Project("{8BC9CEB8-8B4A-11D0-8D11-00A0C91BC942}") = "renderAdvance", "tool_RenderAdvance\renderAdvance.vcxproj", "{D1E933C0-999A-43C6-B2D6-B52F56C394C5}"
EndProject
Project("{8BC9CEB8-8B4A-11D0-8D11-00A0C91BC942}") = "graphview_sample", "tool_graphview_sample\graphview.vcxproj", "{C31F0464-7832-46B5-8BC1-D5C6F105A75C}"
EndProject
Project("{8BC9CEB8-8B4A-11D0-8D11-00A0C91BC942}") = "orimpexp_csm", "impexp_csm\orimpexpcsm.vcxproj", "{678391CB-E0D0-4067-A351-F37D027506C8}"
EndProject
Project("{8BC9CEB8-8B4A-11D0-8D11-00A0C91BC942}") = "orimpexp_csv", "impexp_csv\orimpexpcsv.vcxproj", "{E3AD97C6-B014-44D3-9F30-26E00D5CA70F}"
EndProject
Global
	GlobalSection(SolutionConfigurationPlatforms) = preSolution
		Debug 2011|Win32 = Debug 2011|Win32
		Debug 2011|x64 = Debug 2011|x64
		Debug|Win32 = Debug|Win32
		Debug|x64 = Debug|x64
		Release 2009|Win32 = Release 2009|Win32
		Release 2009|x64 = Release 2009|x64
		Release 2010|Win32 = Release 2010|Win32
		Release 2010|x64 = Release 2010|x64
		Release 2011|Win32 = Release 2011|Win32
		Release 2011|x64 = Release 2011|x64
		Release 2012|Win32 = Release 2012|Win32
		Release 2012|x64 = Release 2012|x64
		Release 2013|Win32 = Release 2013|Win32
		Release 2013|x64 = Release 2013|x64
		Release 2014|Win32 = Release 2014|Win32
		Release 2014|x64 = Release 2014|x64
		Release 2015|Win32 = Release 2015|Win32
		Release 2015|x64 = Release 2015|x64
		Release|Win32 = Release|Win32
		Release|x64 = Release|x64
	EndGlobalSection
	GlobalSection(ProjectConfigurationPlatforms) = postSolution
		{ADFDDC4F-2C44-476D-AC7E-8ABAED9ABE5D}.Debug 2011|Win32.ActiveCfg = Debug|x64
		{ADFDDC4F-2C44-476D-AC7E-8ABAED9ABE5D}.Debug 2011|x64.ActiveCfg = Debug|x64
		{ADFDDC4F-2C44-476D-AC7E-8ABAED9ABE5D}.Debug 2011|x64.Build.0 = Debug|x64
		{ADFDDC4F-2C44-476D-AC7E-8ABAED9ABE5D}.Debug|Win32.ActiveCfg = Debug|Win32
		{ADFDDC4F-2C44-476D-AC7E-8ABAED9ABE5D}.Debug|Win32.Build.0 = Debug|Win32
		{ADFDDC4F-2C44-476D-AC7E-8ABAED9ABE5D}.Debug|x64.ActiveCfg = Debug|x64
		{ADFDDC4F-2C44-476D-AC7E-8ABAED9ABE5D}.Debug|x64.Build.0 = Debug|x64
		{ADFDDC4F-2C44-476D-AC7E-8ABAED9ABE5D}.Release 2009|Win32.ActiveCfg = Release 2009|Win32
		{ADFDDC4F-2C44-476D-AC7E-8ABAED9ABE5D}.Release 2009|Win32.Build.0 = Release 2009|Win32
		{ADFDDC4F-2C44-476D-AC7E-8ABAED9ABE5D}.Release 2009|x64.ActiveCfg = Release 2009|x64
		{ADFDDC4F-2C44-476D-AC7E-8ABAED9ABE5D}.Release 2009|x64.Build.0 = Release 2009|x64
		{ADFDDC4F-2C44-476D-AC7E-8ABAED9ABE5D}.Release 2010|Win32.ActiveCfg = Release 2010|Win32
		{ADFDDC4F-2C44-476D-AC7E-8ABAED9ABE5D}.Release 2010|Win32.Build.0 = Release 2010|Win32
		{ADFDDC4F-2C44-476D-AC7E-8ABAED9ABE5D}.Release 2010|x64.ActiveCfg = Release 2010|x64
		{ADFDDC4F-2C44-476D-AC7E-8ABAED9ABE5D}.Release 2010|x64.Build.0 = Release 2010|x64
		{ADFDDC4F-2C44-476D-AC7E-8ABAED9ABE5D}.Release 2011|Win32.ActiveCfg = Release 2011|Win32
		{ADFDDC4F-2C44-476D-AC7E-8ABAED9ABE5D}.Release 2011|Win32.Build.0 = Release 2011|Win32
		{ADFDDC4F-2C44-476D-AC7E-8ABAED9ABE5D}.Release 2011|x64.ActiveCfg = Release 2011|x64
		{ADFDDC4F-2C44-476D-AC7E-8ABAED9ABE5D}.Release 2011|x64.Build.0 = Release 2011|x64
		{ADFDDC4F-2C44-476D-AC7E-8ABAED9ABE5D}.Release 2012|Win32.ActiveCfg = Release 2012|Win32
		{ADFDDC4F-2C44-476D-AC7E-8ABAED9ABE5D}.Release 2012|Win32.Build.0 = Release 2012|Win32
		{ADFDDC4F-2C44-476D-AC7E-8ABAED9ABE5D}.Release 2012|x64.ActiveCfg = Release 2012|x64
		{ADFDDC4F-2C44-476D-AC7E-8ABAED9ABE5D}.Release 2012|x64.Build.0 = Release 2012|x64
		{ADFDDC4F-2C44-476D-AC7E-8ABAED9ABE5D}.Release 2013|Win32.ActiveCfg = Release 2013|Win32
		{ADFDDC4F-2C44-476D-AC7E-8ABAED9ABE5D}.Release 2013|Win32.Build.0 = Release 2013|Win32
		{ADFDDC4F-2C44-476D-AC7E-8ABAED9ABE5D}.Release 2013|x64.ActiveCfg = Release 2013|x64
		{ADFDDC4F-2C44-476D-AC7E-8ABAED9ABE5D}.Release 2013|x64.Build.0 = Release 2013|x64
		{ADFDDC4F-2C44-476D-AC7E-8ABAED9ABE5D}.Release 2014|Win32.ActiveCfg = Release 2014|Win32
		{ADFDDC4F-2C44-476D-AC7E-8ABAED9ABE5D}.Release 2014|Win32.Build.0 = Release 2014|Win32
		{ADFDDC4F-2C44-476D-AC7E-8ABAED9ABE5D}.Release 2014|x64.ActiveCfg = Release 2014|x64
		{ADFDDC4F-2C44-476D-AC7E-8ABAED9ABE5D}.Release 2014|x64.Build.0 = Release 2014|x64
		{ADFDDC4F-2C44-476D-AC7E-8ABAED9ABE5D}.Release 2015|Win32.ActiveCfg = Release 2015|Win32
		{ADFDDC4F-2C44-476D-AC7E-8ABAED9ABE5D}.Release 2015|Win32.Build.0 = Release 2015|Win32
		{ADFDDC4F-2C44-476D-AC7E-8ABAED9ABE5D}.Release 2015|x64.ActiveCfg = Release 2015|x64
		{ADFDDC4F-2C44-476D-AC7E-8ABAED9ABE5D}.Release 2015|x64.Build.0 = Release 2015|x64
		{ADFDDC4F-2C44-476D-AC7E-8ABAED9ABE5D}.Release|Win32.ActiveCfg = Release 2015|x64
		{ADFDDC4F-2C44-476D-AC7E-8ABAED9ABE5D}.Release|x64.ActiveCfg = Release 2015|x64
		{ADFDDC4F-2C44-476D-AC7E-8ABAED9ABE5D}.Release|x64.Build.0 = Release 2015|x64
		{B410F911-002C-426B-AE49-F6DA743626FC}.Debug 2011|Win32.ActiveCfg = Debug|x64
		{B410F911-002C-426B-AE49-F6DA743626FC}.Debug 2011|x64.ActiveCfg = Debug|x64
		{B410F911-002C-426B-AE49-F6DA743626FC}.Debug 2011|x64.Build.0 = Debug|x64
		{B410F911-002C-426B-AE49-F6DA743626FC}.Debug|Win32.ActiveCfg = Debug|Win32
		{B410F911-002C-426B-AE49-F6DA743626FC}.Debug|Win32.Build.0 = Debug|Win32
		{B410F911-002C-426B-AE49-F6DA743626FC}.Debug|x64.ActiveCfg = Debug|x64
		{B410F911-002C-426B-AE49-F6DA743626FC}.Debug|x64.Build.0 = Debug|x64
		{B410F911-002C-426B-AE49-F6DA743626FC}.Release 2009|Win32.ActiveCfg = Release|x64
		{B410F911-002C-426B-AE49-F6DA743626FC}.Release 2009|x64.ActiveCfg = Release|x64
		{B410F911-002C-426B-AE49-F6DA743626FC}.Release 2009|x64.Build.0 = Release|x64
		{B410F911-002C-426B-AE49-F6DA743626FC}.Release 2010|Win32.ActiveCfg = Release|x64
		{B410F911-002C-426B-AE49-F6DA743626FC}.Release 2010|x64.ActiveCfg = Release|x64
		{B410F911-002C-426B-AE49-F6DA743626FC}.Release 2010|x64.Build.0 = Release|x64
		{B410F911-002C-426B-AE49-F6DA743626FC}.Release 2011|Win32.ActiveCfg = Release|x64
		{B410F911-002C-426B-AE49-F6DA743626FC}.Release 2011|x64.ActiveCfg = Release|x64
		{B410F911-002C-426B-AE49-F6DA743626FC}.Release 2011|x64.Build.0 = Release|x64
		{B410F911-002C-426B-AE49-F6DA743626FC}.Release 2012|Win32.ActiveCfg = Release|x64
		{B410F911-002C-426B-AE49-F6DA743626FC}.Release 2012|x64.ActiveCfg = Release|x64
		{B410F911-002C-426B-AE49-F6DA743626FC}.Release 2012|x64.Build.0 = Release|x64
		{B410F911-002C-426B-AE49-F6DA743626FC}.Release 2013|Win32.ActiveCfg = Release|x64
		{B410F911-002C-426B-AE49-F6DA743626FC}.Release 2013|x64.ActiveCfg = Release|x64
		{B410F911-002C-426B-AE49-F6DA743626FC}.Release 2013|x64.Build.0 = Release|x64
		{B410F911-002C-426B-AE49-F6DA743626FC}.Release 2014|Win32.ActiveCfg = Release|x64
		{B410F911-002C-426B-AE49-F6DA743626FC}.Release 2014|x64.ActiveCfg = Release|x64
		{B410F911-002C-426B-AE49-F6DA743626FC}.Release 2014|x64.Build.0 = Release|x64
		{B410F911-002C-426B-AE49-F6DA743626FC}.Release 2015|Win32.ActiveCfg = Release|x64
		{B410F911-002C-426B-AE49-F6DA743626FC}.Release 2015|x64.ActiveCfg = Release|x64
		{B410F911-002C-426B-AE49-F6DA743626FC}.Release 2015|x64.Build.0 = Release|x64
		{B410F911-002C-426B-AE49-F6DA743626FC}.Release|Win32.ActiveCfg = Release|Win32
		{B410F911-002C-426B-AE49-F6DA743626FC}.Release|Win32.Build.0 = Release|Win32
		{B410F911-002C-426B-AE49-F6DA743626FC}.Release|x64.ActiveCfg = Release|x64
		{B410F911-002C-426B-AE49-F6DA743626FC}.Release|x64.Build.0 = Release|x64
		{25B472F5-0BAD-44DE-8637-EB04FEB51C66}.Debug 2011|Win32.ActiveCfg = Debug|x64
		{25B472F5-0BAD-44DE-8637-EB04FEB51C66}.Debug 2011|x64.ActiveCfg = Debug|x64
		{25B472F5-0BAD-44DE-8637-EB04FEB51C66}.Debug 2011|x64.Build.0 = Debug|x64
		{25B472F5-0BAD-44DE-8637-EB04FEB51C66}.Debug|Win32.ActiveCfg = Debug|Win32
		{25B472F5-0BAD-44DE-8637-EB04FEB51C66}.Debug|Win32.Build.0 = Debug|Win32
		{25B472F5-0BAD-44DE-8637-EB04FEB51C66}.Debug|x64.ActiveCfg = Debug|x64
		{25B472F5-0BAD-44DE-8637-EB04FEB51C66}.Debug|x64.Build.0 = Debug|x64
		{25B472F5-0BAD-44DE-8637-EB04FEB51C66}.Release 2009|Win32.ActiveCfg = Release|x64
		{25B472F5-0BAD-44DE-8637-EB04FEB51C66}.Release 2009|x64.ActiveCfg = Release|x64
		{25B472F5-0BAD-44DE-8637-EB04FEB51C66}.Release 2009|x64.Build.0 = Release|x64
		{25B472F5-0BAD-44DE-8637-EB04FEB51C66}.Release 2010|Win32.ActiveCfg = Release|x64
		{25B472F5-0BAD-44DE-8637-EB04FEB51C66}.Release 2010|x64.ActiveCfg = Release|x64
		{25B472F5-0BAD-44DE-8637-EB04FEB51C66}.Release 2010|x64.Build.0 = Release|x64
		{25B472F5-0BAD-44DE-8637-EB04FEB51C66}.Release 2011|Win32.ActiveCfg = Release|x64
		{25B472F5-0BAD-44DE-8637-EB04FEB51C66}.Release 2011|x64.ActiveCfg = Release|x64
		{25B472F5-0BAD-44DE-8637-EB04FEB51C66}.Release 2011|x64.Build.0 = Release|x64
		{25B472F5-0BAD-44DE-8637-EB04FEB51C66}.Release 2012|Win32.ActiveCfg = Release|x64
		{25B472F5-0BAD-44DE-8637-EB04FEB51C66}.Release 2012|x64.ActiveCfg = Release|x64
		{25B472F5-0BAD-44DE-8637-EB04FEB51C66}.Release 2012|x64.Build.0 = Release|x64
		{25B472F5-0BAD-44DE-8637-EB04FEB51C66}.Release 2013|Win32.ActiveCfg = Release|x64
		{25B472F5-0BAD-44DE-8637-EB04FEB51C66}.Release 2013|x64.ActiveCfg = Release|x64
		{25B472F5-0BAD-44DE-8637-EB04FEB51C66}.Release 2013|x64.Build.0 = Release|x64
		{25B472F5-0BAD-44DE-8637-EB04FEB51C66}.Release 2014|Win32.ActiveCfg = Release|x64
		{25B472F5-0BAD-44DE-8637-EB04FEB51C66}.Release 2014|x64.ActiveCfg = Release|x64
		{25B472F5-0BAD-44DE-8637-EB04FEB51C66}.Release 2014|x64.Build.0 = Release|x64
		{25B472F5-0BAD-44DE-8637-EB04FEB51C66}.Release 2015|Win32.ActiveCfg = Release|x64
		{25B472F5-0BAD-44DE-8637-EB04FEB51C66}.Release 2015|x64.ActiveCfg = Release|x64
		{25B472F5-0BAD-44DE-8637-EB04FEB51C66}.Release 2015|x64.Build.0 = Release|x64
		{25B472F5-0BAD-44DE-8637-EB04FEB51C66}.Release|Win32.ActiveCfg = Release|Win32
		{25B472F5-0BAD-44DE-8637-EB04FEB51C66}.Release|Win32.Build.0 = Release|Win32
		{25B472F5-0BAD-44DE-8637-EB04FEB51C66}.Release|x64.ActiveCfg = Release|x64
		{25B472F5-0BAD-44DE-8637-EB04FEB51C66}.Release|x64.Build.0 = Release|x64
		{A2EEE76C-BDE3-4E46-90A3-5F14EC17A451}.Debug 2011|Win32.ActiveCfg = Debug|x64
		{A2EEE76C-BDE3-4E46-90A3-5F14EC17A451}.Debug 2011|x64.ActiveCfg = Debug|x64
		{A2EEE76C-BDE3-4E46-90A3-5F14EC17A451}.Debug 2011|x64.Build.0 = Debug|x64
		{A2EEE76C-BDE3-4E46-90A3-5F14EC17A451}.Debug|Win32.ActiveCfg = Debug|Win32
		{A2EEE76C-BDE3-4E46-90A3-5F14EC17A451}.Debug|Win32.Build.0 = Debug|Win32
		{A2EEE76C-BDE3-4E46-90A3-5F14EC17A451}.Debug|x64.ActiveCfg = Debug|x64
		{A2EEE76C-BDE3-4E46-90A3-5F14EC17A451}.Debug|x64.Build.0 = Debug|x64
		{A2EEE76C-BDE3-4E46-90A3-5F14EC17A451}.Release 2009|Win32.ActiveCfg = Release|x64
		{A2EEE76C-BDE3-4E46-90A3-5F14EC17A451}.Release 2009|x64.ActiveCfg = Release|x64
		{A2EEE76C-BDE3-4E46-90A3-5F14EC17A451}.Release 2009|x64.Build.0 = Release|x64
		{A2EEE76C-BDE3-4E46-90A3-5F14EC17A451}.Release 2010|Win32.ActiveCfg = Release|x64
		{A2EEE76C-BDE3-4E46-90A3-5F14EC17A451}.Release 2010|x64.ActiveCfg = Release|x64
		{A2EEE76C-BDE3-4E46-90A3-5F14EC17A451}.Release 2010|x64.Build.0 = Release|x64
		{A2EEE76C-BDE3-4E46-90A3-5F14EC17A451}.Release 2011|Win32.ActiveCfg = Release|x64
		{A2EEE76C-BDE3-4E46-90A3-5F14EC17A451}.Release 2011|x64.ActiveCfg = Release|x64
		{A2EEE76C-BDE3-4E46-90A3-5F14EC17A451}.Release 2011|x64.Build.0 = Release|x64
		{A2EEE76C-BDE3-4E46-90A3-5F14EC17A451}.Release 2012|Win32.ActiveCfg = Release|x64
		{A2EEE76C-BDE3-4E46-90A3-5F14EC17A451}.Release 2012|x64.ActiveCfg = Release|x64
		{A2EEE76C-BDE3-4E46-90A3-5F14EC17A451}.Release 2012|x64.Build.0 = Release|x64
		{A2EEE76C-BDE3-4E46-90A3-5F14EC17A451}.Release 2013|Win32.ActiveCfg = Release|x64
		{A2EEE76C-BDE3-4E46-90A3-5F14EC17A451}.Release 2013|x64.ActiveCfg = Release|x64
		{A2EEE76C-BDE3-4E46-90A3-5F14EC17A451}.Release 2013|x64.Build.0 = Release|x64
		{A2EEE76C-BDE3-4E46-90A3-5F14EC17A451}.Release 2014|Win32.ActiveCfg = Release|x64
		{A2EEE76C-BDE3-4E46-90A3-5F14EC17A451}.Release 2014|x64.ActiveCfg = Release|x64
		{A2EEE76C-BDE3-4E46-90A3-5F14EC17A451}.Release 2014|x64.Build.0 = Release|x64
		{A2EEE76C-BDE3-4E46-90A3-5F14EC17A451}.Release 2015|Win32.ActiveCfg = Release|x64
		{A2EEE76C-BDE3-4E46-90A3-5F14EC17A451}.Release 2015|x64.ActiveCfg = Release|x64
		{A2EEE76C-BDE3-4E46-90A3-5F14EC17A451}.Release 2015|x64.Build.0 = Release|x64
		{A2EEE76C-BDE3-4E46-90A3-5F14EC17A451}.Release|Win32.ActiveCfg = Release|Win32
		{A2EEE76C-BDE3-4E46-90A3-5F14EC17A451}.Release|Win32.Build.0 = Release|Win32
		{A2EEE76C-BDE3-4E46-90A3-5F14EC17A451}.Release|x64.ActiveCfg = Release|x64
		{A2EEE76C-BDE3-4E46-90A3-5F14EC17A451}.Release|x64.Build.0 = Release|x64
		{E1533D43-1CBC-4940-9441-052EA1A63547}.Debug 2011|Win32.ActiveCfg = Debug|x64
		{E1533D43-1CBC-4940-9441-052EA1A63547}.Debug 2011|x64.ActiveCfg = Debug|x64
		{E1533D43-1CBC-4940-9441-052EA1A63547}.Debug 2011|x64.Build.0 = Debug|x64
		{E1533D43-1CBC-4940-9441-052EA1A63547}.Debug|Win32.ActiveCfg = Debug|Win32
		{E1533D43-1CBC-4940-9441-052EA1A63547}.Debug|Win32.Build.0 = Debug|Win32
		{E1533D43-1CBC-4940-9441-052EA1A63547}.Debug|x64.ActiveCfg = Debug|x64
		{E1533D43-1CBC-4940-9441-052EA1A63547}.Debug|x64.Build.0 = Debug|x64
		{E1533D43-1CBC-4940-9441-052EA1A63547}.Release 2009|Win32.ActiveCfg = Release|x64
		{E1533D43-1CBC-4940-9441-052EA1A63547}.Release 2009|x64.ActiveCfg = Release|x64
		{E1533D43-1CBC-4940-9441-052EA1A63547}.Release 2009|x64.Build.0 = Release|x64
		{E1533D43-1CBC-4940-9441-052EA1A63547}.Release 2010|Win32.ActiveCfg = Release|x64
		{E1533D43-1CBC-4940-9441-052EA1A63547}.Release 2010|x64.ActiveCfg = Release|x64
		{E1533D43-1CBC-4940-9441-052EA1A63547}.Release 2010|x64.Build.0 = Release|x64
		{E1533D43-1CBC-4940-9441-052EA1A63547}.Release 2011|Win32.ActiveCfg = Release|x64
		{E1533D43-1CBC-4940-9441-052EA1A63547}.Release 2011|x64.ActiveCfg = Release|x64
		{E1533D43-1CBC-4940-9441-052EA1A63547}.Release 2011|x64.Build.0 = Release|x64
		{E1533D43-1CBC-4940-9441-052EA1A63547}.Release 2012|Win32.ActiveCfg = Release|x64
		{E1533D43-1CBC-4940-9441-052EA1A63547}.Release 2012|x64.ActiveCfg = Release|x64
		{E1533D43-1CBC-4940-9441-052EA1A63547}.Release 2012|x64.Build.0 = Release|x64
		{E1533D43-1CBC-4940-9441-052EA1A63547}.Release 2013|Win32.ActiveCfg = Release|x64
		{E1533D43-1CBC-4940-9441-052EA1A63547}.Release 2013|x64.ActiveCfg = Release|x64
		{E1533D43-1CBC-4940-9441-052EA1A63547}.Release 2013|x64.Build.0 = Release|x64
		{E1533D43-1CBC-4940-9441-052EA1A63547}.Release 2014|Win32.ActiveCfg = Release|x64
		{E1533D43-1CBC-4940-9441-052EA1A63547}.Release 2014|x64.ActiveCfg = Release|x64
		{E1533D43-1CBC-4940-9441-052EA1A63547}.Release 2014|x64.Build.0 = Release|x64
		{E1533D43-1CBC-4940-9441-052EA1A63547}.Release 2015|Win32.ActiveCfg = Release|x64
		{E1533D43-1CBC-4940-9441-052EA1A63547}.Release 2015|x64.ActiveCfg = Release|x64
		{E1533D43-1CBC-4940-9441-052EA1A63547}.Release 2015|x64.Build.0 = Release|x64
		{E1533D43-1CBC-4940-9441-052EA1A63547}.Release|Win32.ActiveCfg = Release|Win32
		{E1533D43-1CBC-4940-9441-052EA1A63547}.Release|Win32.Build.0 = Release|Win32
		{E1533D43-1CBC-4940-9441-052EA1A63547}.Release|x64.ActiveCfg = Release|x64
		{E1533D43-1CBC-4940-9441-052EA1A63547}.Release|x64.Build.0 = Release|x64
		{D1E933C0-999A-43C6-B2D6-B52F56C394C5}.Debug 2011|Win32.ActiveCfg = Debug 2011|Win32
		{D1E933C0-999A-43C6-B2D6-B52F56C394C5}.Debug 2011|Win32.Build.0 = Debug 2011|Win32
		{D1E933C0-999A-43C6-B2D6-B52F56C394C5}.Debug 2011|x64.ActiveCfg = Debug 2011|x64
		{D1E933C0-999A-43C6-B2D6-B52F56C394C5}.Debug 2011|x64.Build.0 = Debug 2011|x64
		{D1E933C0-999A-43C6-B2D6-B52F56C394C5}.Debug|Win32.ActiveCfg = Debug 2011|x64
		{D1E933C0-999A-43C6-B2D6-B52F56C394C5}.Debug|x64.ActiveCfg = Debug 2011|x64
		{D1E933C0-999A-43C6-B2D6-B52F56C394C5}.Debug|x64.Build.0 = Debug 2011|x64
		{D1E933C0-999A-43C6-B2D6-B52F56C394C5}.Release 2009|Win32.ActiveCfg = Release 2009|Win32
		{D1E933C0-999A-43C6-B2D6-B52F56C394C5}.Release 2009|x64.ActiveCfg = Release 2009|x64
		{D1E933C0-999A-43C6-B2D6-B52F56C394C5}.Release 2009|x64.Build.0 = Release 2009|x64
		{D1E933C0-999A-43C6-B2D6-B52F56C394C5}.Release 2010|Win32.ActiveCfg = Release 2010|Win32
		{D1E933C0-999A-43C6-B2D6-B52F56C394C5}.Release 2010|x64.ActiveCfg = Release 2010|x64
		{D1E933C0-999A-43C6-B2D6-B52F56C394C5}.Release 2010|x64.Build.0 = Release 2010|x64
		{D1E933C0-999A-43C6-B2D6-B52F56C394C5}.Release 2011|Win32.ActiveCfg = Release 2011|Win32
		{D1E933C0-999A-43C6-B2D6-B52F56C394C5}.Release 2011|Win32.Build.0 = Release 2011|Win32
		{D1E933C0-999A-43C6-B2D6-B52F56C394C5}.Release 2011|x64.ActiveCfg = Release 2011|x64
		{D1E933C0-999A-43C6-B2D6-B52F56C394C5}.Release 2011|x64.Build.0 = Release 2011|x64
		{D1E933C0-999A-43C6-B2D6-B52F56C394C5}.Release 2012|Win32.ActiveCfg = Release 2012|Win32
		{D1E933C0-999A-43C6-B2D6-B52F56C394C5}.Release 2012|x64.ActiveCfg = Release 2012|x64
		{D1E933C0-999A-43C6-B2D6-B52F56C394C5}.Release 2012|x64.Build.0 = Release 2012|x64
		{D1E933C0-999A-43C6-B2D6-B52F56C394C5}.Release 2013|Win32.ActiveCfg = Release 2013|Win32
		{D1E933C0-999A-43C6-B2D6-B52F56C394C5}.Release 2013|Win32.Build.0 = Release 2013|Win32
		{D1E933C0-999A-43C6-B2D6-B52F56C394C5}.Release 2013|x64.ActiveCfg = Release 2013|x64
		{D1E933C0-999A-43C6-B2D6-B52F56C394C5}.Release 2013|x64.Build.0 = Release 2013|x64
		{D1E933C0-999A-43C6-B2D6-B52F56C394C5}.Release 2014|Win32.ActiveCfg = Release 2014|Win32
		{D1E933C0-999A-43C6-B2D6-B52F56C394C5}.Release 2014|x64.ActiveCfg = Release 2014|x64
		{D1E933C0-999A-43C6-B2D6-B52F56C394C5}.Release 2014|x64.Build.0 = Release 2014|x64
		{D1E933C0-999A-43C6-B2D6-B52F56C394C5}.Release 2015|Win32.ActiveCfg = Release 2011|x64
		{D1E933C0-999A-43C6-B2D6-B52F56C394C5}.Release 2015|x64.ActiveCfg = Release 2015|x64
		{D1E933C0-999A-43C6-B2D6-B52F56C394C5}.Release 2015|x64.Build.0 = Release 2015|x64
		{D1E933C0-999A-43C6-B2D6-B52F56C394C5}.Release|Win32.ActiveCfg = Release 2011|x64
		{D1E933C0-999A-43C6-B2D6-B52F56C394C5}.Release|x64.ActiveCfg = Release 2011|x64
		{D1E933C0-999A-43C6-B2D6-B52F56C394C5}.Release|x64.Build.0 = Release 2011|x64
		{C31F0464-7832-46B5-8BC1-D5C6F105A75C}.Debug 2011|Win32.ActiveCfg = Debug|x64
		{C31F0464-7832-46B5-8BC1-D5C6F105A75C}.Debug 2011|x64.ActiveCfg = Debug|x64
		{C31F0464-7832-46B5-8BC1-D5C6F105A75C}.Debug 2011|x64.Build.0 = Debug|x64
		{C31F0464-7832-46B5-8BC1-D5C6F105A75C}.Debug|Win32.ActiveCfg = Debug|Win32
		{C31F0464-7832-46B5-8BC1-D5C6F105A75C}.Debug|Win32.Build.0 = Debug|Win32
		{C31F0464-7832-46B5-8BC1-D5C6F105A75C}.Debug|x64.ActiveCfg = Debug|x64
		{C31F0464-7832-46B5-8BC1-D5C6F105A75C}.Debug|x64.Build.0 = Debug|x64
		{C31F0464-7832-46B5-8BC1-D5C6F105A75C}.Release 2009|Win32.ActiveCfg = Release|x64
		{C31F0464-7832-46B5-8BC1-D5C6F105A75C}.Release 2009|x64.ActiveCfg = Release|x64
		{C31F0464-7832-46B5-8BC1-D5C6F105A75C}.Release 2009|x64.Build.0 = Release|x64
		{C31F0464-7832-46B5-8BC1-D5C6F105A75C}.Release 2010|Win32.ActiveCfg = Release|x64
		{C31F0464-7832-46B5-8BC1-D5C6F105A75C}.Release 2010|x64.ActiveCfg = Release|x64
		{C31F0464-7832-46B5-8BC1-D5C6F105A75C}.Release 2010|x64.Build.0 = Release|x64
		{C31F0464-7832-46B5-8BC1-D5C6F105A75C}.Release 2011|Win32.ActiveCfg = Release|x64
		{C31F0464-7832-46B5-8BC1-D5C6F105A75C}.Release 2011|x64.ActiveCfg = Release|x64
		{C31F0464-7832-46B5-8BC1-D5C6F105A75C}.Release 2011|x64.Build.0 = Release|x64
		{C31F0464-7832-46B5-8BC1-D5C6F105A75C}.Release 2012|Win32.ActiveCfg = Release|x64
		{C31F0464-7832-46B5-8BC1-D5C6F105A75C}.Release 2012|x64.ActiveCfg = Release|x64
		{C31F0464-7832-46B5-8BC1-D5C6F105A75C}.Release 2012|x64.Build.0 = Release|x64
		{C31F0464-7832-46B5-8BC1-D5C6F105A75C}.Release 2013|Win32.ActiveCfg = Release|x64
		{C31F0464-7832-46B5-8BC1-D5C6F105A75C}.Release 2013|x64.ActiveCfg = Release|x64
		{C31F0464-7832-46B5-8BC1-D5C6F105A75C}.Release 2013|x64.Build.0 = Release|x64
		{C31F0464-7832-46B5-8BC1-D5C6F105A75C}.Release 2014|Win32.ActiveCfg = Release|x64
		{C31F0464-7832-46B5-8BC1-D5C6F105A75C}.Release 2014|x64.ActiveCfg = Release 2014|x64
		{C31F0464-7832-46B5-8BC1-D5C6F105A75C}.Release 2014|x64.Build.0 = Release 2014|x64
		{C31F0464-7832-46B5-8BC1-D5C6F105A75C}.Release 2015|Win32.ActiveCfg = Release|x64
		{C31F0464-7832-46B5-8BC1-D5C6F105A75C}.Release 2015|x64.ActiveCfg = Release|x64
		{C31F0464-7832-46B5-8BC1-D5C6F105A75C}.Release 2015|x64.Build.0 = Release|x64
		{C31F0464-7832-46B5-8BC1-D5C6F105A75C}.Release|Win32.ActiveCfg = Release|Win32
		{C31F0464-7832-46B5-8BC1-D5C6F105A75C}.Release|Win32.Build.0 = Release|Win32
		{C31F0464-7832-46B5-8BC1-D5C6F105A75C}.Release|x64.ActiveCfg = Release|x64
		{C31F0464-7832-46B5-8BC1-D5C6F105A75C}.Release|x64.Build.0 = Release|x64
		{678391CB-E0D0-4067-A351-F37D027506C8}.Debug 2011|Win32.ActiveCfg = Debug|x64
		{678391CB-E0D0-4067-A351-F37D027506C8}.Debug 2011|x64.ActiveCfg = Debug|x64
		{678391CB-E0D0-4067-A351-F37D027506C8}.Debug 2011|x64.Build.0 = Debug|x64
		{678391CB-E0D0-4067-A351-F37D027506C8}.Debug|Win32.ActiveCfg = Debug|Win32
		{678391CB-E0D0-4067-A351-F37D027506C8}.Debug|Win32.Build.0 = Debug|Win32
		{678391CB-E0D0-4067-A351-F37D027506C8}.Debug|x64.ActiveCfg = Debug|x64
		{678391CB-E0D0-4067-A351-F37D027506C8}.Debug|x64.Build.0 = Debug|x64
		{678391CB-E0D0-4067-A351-F37D027506C8}.Release 2009|Win32.ActiveCfg = Release|x64
		{678391CB-E0D0-4067-A351-F37D027506C8}.Release 2009|x64.ActiveCfg = Release|x64
		{678391CB-E0D0-4067-A351-F37D027506C8}.Release 2009|x64.Build.0 = Release|x64
		{678391CB-E0D0-4067-A351-F37D027506C8}.Release 2010|Win32.ActiveCfg = Release|x64
		{678391CB-E0D0-4067-A351-F37D027506C8}.Release 2010|x64.ActiveCfg = Release|x64
		{678391CB-E0D0-4067-A351-F37D027506C8}.Release 2010|x64.Build.0 = Release|x64
		{678391CB-E0D0-4067-A351-F37D027506C8}.Release 2011|Win32.ActiveCfg = Release|x64
		{678391CB-E0D0-4067-A351-F37D027506C8}.Release 2011|x64.ActiveCfg = Release|x64
		{678391CB-E0D0-4067-A351-F37D027506C8}.Release 2011|x64.Build.0 = Release|x64
		{678391CB-E0D0-4067-A351-F37D027506C8}.Release 2012|Win32.ActiveCfg = Release|x64
		{678391CB-E0D0-4067-A351-F37D027506C8}.Release 2012|x64.ActiveCfg = Release|x64
		{678391CB-E0D0-4067-A351-F37D027506C8}.Release 2012|x64.Build.0 = Release|x64
		{678391CB-E0D0-4067-A351-F37D027506C8}.Release 2013|Win32.ActiveCfg = Release|x64
		{678391CB-E0D0-4067-A351-F37D027506C8}.Release 2013|x64.ActiveCfg = Release|x64
		{678391CB-E0D0-4067-A351-F37D027506C8}.Release 2013|x64.Build.0 = Release|x64
		{678391CB-E0D0-4067-A351-F37D027506C8}.Release 2014|Win32.ActiveCfg = Release|x64
		{678391CB-E0D0-4067-A351-F37D027506C8}.Release 2014|x64.ActiveCfg = Release 2014|x64
		{678391CB-E0D0-4067-A351-F37D027506C8}.Release 2014|x64.Build.0 = Release 2014|x64
		{678391CB-E0D0-4067-A351-F37D027506C8}.Release 2015|Win32.ActiveCfg = Release|x64
		{678391CB-E0D0-4067-A351-F37D027506C8}.Release 2015|x64.ActiveCfg = Release|x64
		{678391CB-E0D0-4067-A351-F37D027506C8}.Release 2015|x64.Build.0 = Release|x64
		{678391CB-E0D0-4067-A351-F37D027506C8}.Release|Win32.ActiveCfg = Release|Win32
		{678391CB-E0D0-4067-A351-F37D027506C8}.Release|Win32.Build.0 = Release|Win32
		{678391CB-E0D0-4067-A351-F37D027506C8}.Release|x64.ActiveCfg = Release|x64
		{678391CB-E0D0-4067-A351-F37D027506C8}.Release|x64.Build.0 = Release|x64
		{E3AD97C6-B014-44D3-9F30-26E00D5CA70F}.Debug 2011|Win32.ActiveCfg = Debug|x64
		{E3AD97C6-B014-44D3-9F30-26E00D5CA70F}.Debug 2011|x64.ActiveCfg = Debug|x64
		{E3AD97C6-B014-44D3-9F30-26E00D5CA70F}.Debug 2011|x64.Build.0 = Debug|x64
		{E3AD97C6-B014-44D3-9F30-26E00D5CA70F}.Debug|Win32.ActiveCfg = Debug|Win32
		{E3AD97C6-B014-44D3-9F30-26E00D5CA70F}.Debug|Win32.Build.0 = Debug|Win32
		{E3AD97C6-B014-44D3-9F30-26E00D5CA70F}.Debug|x64.ActiveCfg = Debug|x64
		{E3AD97C6-B014-44D3-9F30-26E00D5CA70F}.Debug|x64.Build.0 = Debug|x64
		{E3AD97C6-B014-44D3-9F30-26E00D5CA70F}.Release 2009|Win32.ActiveCfg = Release|x64
		{E3AD97C6-B014-44D3-9F30-26E00D5CA70F}.Release 2009|x64.ActiveCfg = Release|x64
		{E3AD97C6-B014-44D3-9F30-26E00D5CA70F}.Release 2009|x64.Build.0 = Release|x64
		{E3AD97C6-B014-44D3-9F30-26E00D5CA70F}.Release 2010|Win32.ActiveCfg = Release|x64
		{E3AD97C6-B014-44D3-9F30-26E00D5CA70F}.Release 2010|x64.ActiveCfg = Release|x64
		{E3AD97C6-B014-44D3-9F30-26E00D5CA70F}.Release 2010|x64.Build.0 = Release|x64
		{E3AD97C6-B014-44D3-9F30-26E00D5CA70F}.Release 2011|Win32.ActiveCfg = Release|x64
		{E3AD97C6-B014-44D3-9F30-26E00D5CA70F}.Release 2011|x64.ActiveCfg = Release|x64
		{E3AD97C6-B014-44D3-9F30-26E00D5CA70F}.Release 2011|x64.Build.0 = Release|x64
		{E3AD97C6-B014-44D3-9F30-26E00D5CA70F}.Release 2012|Win32.ActiveCfg = Release|x64
		{E3AD97C6-B014-44D3-9F30-26E00D5CA70F}.Release 2012|x64.ActiveCfg = Release|x64
		{E3AD97C6-B014-44D3-9F30-26E00D5CA70F}.Release 2012|x64.Build.0 = Release|x64
		{E3AD97C6-B014-44D3-9F30-26E00D5CA70F}.Release 2013|Win32.ActiveCfg = Release|x64
		{E3AD97C6-B014-44D3-9F30-26E00D5CA70F}.Release 2013|x64.ActiveCfg = Release|x64
		{E3AD97C6-B014-44D3-9F30-26E00D5CA70F}.Release 2013|x64.Build.0 = Release|x64
		{E3AD97C6-B014-44D3-9F30-26E00D5CA70F}.Release 2014|Win32.ActiveCfg = Release|x64
		{E3AD97C6-B014-44D3-9F30-26E00D5CA70F}.Release 2014|x64.ActiveCfg = Release 2014|x64
		{E3AD97C6-B014-44D3-9F30-26E00D5CA70F}.Release 2014|x64.Build.0 = Release 2014|x64
		{E3AD97C6-B014-44D3-9F30-26E00D5CA70F}.Release 2015|Win32.ActiveCfg = Release|x64
		{E3AD97C6-B014-44D3-9F30-26E00D5CA70F}.Release 2015|x64.ActiveCfg = Release|x64
		{E3AD97C6-B014-44D3-9F30-26E00D5CA70F}.Release 2015|x64.Build.0 = Release|x64
		{E3AD97C6-B014-44D3-9F30-26E00D5CA70F}.Release|Win32.ActiveCfg = Release|Win32
		{E3AD97C6-B014-44D3-9F30-26E00D5CA70F}.Release|Win32.Build.0 = Release|Win32
		{E3AD97C6-B014-44D3-9F30-26E00D5CA70F}.Release|x64.ActiveCfg = Release|x64
		{E3AD97C6-B014-44D3-9F30-26E00D5CA70F}.Release|x64.Build.0 = Release|x64
	EndGlobalSection
	GlobalSection(SolutionProperties) = preSolution
		HideSolutionNode = FALSE
	EndGlobalSection
EndGlobal
