<?xml version="1.0" encoding="utf-8"?>
<Project ToolsVersion="4.0" xmlns="http://schemas.microsoft.com/developer/msbuild/2003">
  <ItemGroup>
    <Filter Include="Source Files">
      <UniqueIdentifier>{5a1774b4-f3e0-42f6-8694-9be8d6cfecbd}</UniqueIdentifier>
      <Extensions>cpp;c;cxx;rc;def;r;odl;idl;hpj;bat</Extensions>
    </Filter>
    <Filter Include="Header Files">
      <UniqueIdentifier>{ae415f04-ab3a-43a8-b0cf-b049dd286908}</UniqueIdentifier>
      <Extensions>h;hpp;hxx;hm;inl</Extensions>
    </Filter>
    <Filter Include="Header Files\MCL">
      <UniqueIdentifier>{f451c8fb-3fe7-479c-a709-2e30b69a1a5a}</UniqueIdentifier>
    </Filter>
    <Filter Include="Source Files\MCL">
      <UniqueIdentifier>{a6cfc5c0-4e6c-4c38-98a4-4ef448cb0036}</UniqueIdentifier>
    </Filter>
  </ItemGroup>
  <ItemGroup>
    <ClCompile Include="renderAdvance.cxx">
      <Filter>Source Files</Filter>
    </ClCompile>
    <ClCompile Include="renderAdvance_tool.cxx">
      <Filter>Source Files</Filter>
    </ClCompile>
    <ClCompile Include="renderAdvance_view.cxx">
      <Filter>Source Files</Filter>
    </ClCompile>
    <ClCompile Include="..\..\MotionCodeLibrary\ResourceUtils.cpp">
      <Filter>Source Files\MCL</Filter>
    </ClCompile>
  </ItemGroup>
  <ItemGroup>
    <ClInclude Include="renderAdvance_tool.h">
      <Filter>Header Files</Filter>
    </ClInclude>
    <ClInclude Include="renderAdvance_view.h">
      <Filter>Header Files</Filter>
    </ClInclude>
    <ClInclude Include="..\..\MotionCodeLibrary\ResourceUtils.h">
      <Filter>Header Files\MCL</Filter>
    </ClInclude>
    <ClInclude Include="resource.h">
      <Filter>Header Files</Filter>
    </ClInclude>
  </ItemGroup>
  <ItemGroup>
    <ResourceCompile Include="resource.rc">
      <Filter>Source Files</Filter>
    </ResourceCompile>
  </ItemGroup>
  <ItemGroup>
    <None Include="LICENSE.txt" />
    <None Include="RenderAdvance_README.txt" />
  </ItemGroup>
</Project>