<?xml version="1.0" encoding="utf-8"?>
<Project ToolsVersion="4.0" xmlns="http://schemas.microsoft.com/developer/msbuild/2003">
  <ItemGroup>
    <Filter Include="Source Files">
      <UniqueIdentifier>{7734b28b-82f7-4390-b70b-441f09aff498}</UniqueIdentifier>
      <Extensions>cpp;c;cxx;rc;def;r;odl;idl;hpj;bat</Extensions>
    </Filter>
    <Filter Include="Header Files">
      <UniqueIdentifier>{2c64b820-905e-4830-899f-9e7a5ee7acf2}</UniqueIdentifier>
      <Extensions>h;hpp;hxx;hm;inl</Extensions>
    </Filter>
    <Filter Include="Source Files\MCL">
      <UniqueIdentifier>{3988b5c5-7e18-4b6f-8b41-17d1df64f19f}</UniqueIdentifier>
    </Filter>
    <Filter Include="Header Files\MCL">
      <UniqueIdentifier>{cc53cdab-71d9-4a24-bbd7-72fbe96c094a}</UniqueIdentifier>
    </Filter>
  </ItemGroup>
  <ItemGroup>
    <ClCompile Include="box_rayIntersect.cxx">
      <Filter>Source Files</Filter>
    </ClCompile>
    <ClCompile Include="box_rayIntersect_box.cxx">
      <Filter>Source Files</Filter>
    </ClCompile>
    <ClCompile Include="..\..\MotionCodeLibrary\math3d.cpp">
      <Filter>Source Files\MCL</Filter>
    </ClCompile>
  </ItemGroup>
  <ItemGroup>
    <ClInclude Include="box_rayIntersect_box.h">
      <Filter>Header Files</Filter>
    </ClInclude>
    <ClInclude Include="..\..\MotionCodeLibrary\math3d.h">
      <Filter>Header Files\MCL</Filter>
    </ClInclude>
  </ItemGroup>
  <ItemGroup>
    <None Include="LICENSE.txt" />
    <None Include="README.txt" />
  </ItemGroup>
</Project>